
Microsoft Visual Studio Solution File, Format Version 12.00
# Visual Studio Version 16
VisualStudioVersion = 16.0.29709.97
MinimumVisualStudioVersion = 10.0.40219.1
Project("{FAE04EC0-301F-11D3-BF4B-00C04F79EFBC}") = "ListExample", "ListExample.csproj", "{3D2B2B1C-F68D-4EF9-9FAA-46D751CF4C71}"
EndProject
Global
	GlobalSection(SolutionConfigurationPlatforms) = preSolution
		Debug|Any CPU = Debug|Any CPU
		Release|Any CPU = Release|Any CPU
	EndGlobalSection
	GlobalSection(ProjectConfigurationPlatforms) = postSolution
		{3D2B2B1C-F68D-4EF9-9FAA-46D751CF4C71}.Debug|Any CPU.ActiveCfg = Debug|Any CPU
		{3D2B2B1C-F68D-4EF9-9FAA-46D751CF4C71}.Debug|Any CPU.Build.0 = Debug|Any CPU
		{3D2B2B1C-F68D-4EF9-9FAA-46D751CF4C71}.Release|Any CPU.ActiveCfg = Release|Any CPU
		{3D2B2B1C-F68D-4EF9-9FAA-46D751CF4C71}.Release|Any CPU.Build.0 = Release|Any CPU
	EndGlobalSection
	GlobalSection(SolutionProperties) = preSolution
		HideSolutionNode = FALSE
	EndGlobalSection
	GlobalSection(ExtensibilityGlobals) = postSolution
		SolutionGuid = {0FF3B2A9-10F4-4021-AAE3-39D8FEBAF5A6}
	EndGlobalSection
EndGlobal
