
Microsoft Visual Studio Solution File, Format Version 12.00
# Visual Studio Version 16
VisualStudioVersion = 16.0.29709.97
MinimumVisualStudioVersion = 10.0.40219.1
Project("{FAE04EC0-301F-11D3-BF4B-00C04F79EFBC}") = "Inheritance2", "Inheritance2.csproj", "{AC147A66-BD98-4BAC-9A21-2222695B4317}"
EndProject
Global
	GlobalSection(SolutionConfigurationPlatforms) = preSolution
		Debug|Any CPU = Debug|Any CPU
		Release|Any CPU = Release|Any CPU
	EndGlobalSection
	GlobalSection(ProjectConfigurationPlatforms) = postSolution
		{AC147A66-BD98-4BAC-9A21-2222695B4317}.Debug|Any CPU.ActiveCfg = Debug|Any CPU
		{AC147A66-BD98-4BAC-9A21-2222695B4317}.Debug|Any CPU.Build.0 = Debug|Any CPU
		{AC147A66-BD98-4BAC-9A21-2222695B4317}.Release|Any CPU.ActiveCfg = Release|Any CPU
		{AC147A66-BD98-4BAC-9A21-2222695B4317}.Release|Any CPU.Build.0 = Release|Any CPU
	EndGlobalSection
	GlobalSection(SolutionProperties) = preSolution
		HideSolutionNode = FALSE
	EndGlobalSection
	GlobalSection(ExtensibilityGlobals) = postSolution
		SolutionGuid = {816F7D39-78EA-45A0-9BB2-1A70A088913D}
	EndGlobalSection
EndGlobal
