
Microsoft Visual Studio Solution File, Format Version 12.00
# Visual Studio Version 16
VisualStudioVersion = 16.0.29709.97
MinimumVisualStudioVersion = 10.0.40219.1
Project("{FAE04EC0-301F-11D3-BF4B-00C04F79EFBC}") = "LinktList", "LinktList.csproj", "{BB51432C-7893-42C8-8A0B-6E2514BEAEE1}"
EndProject
Global
	GlobalSection(SolutionConfigurationPlatforms) = preSolution
		Debug|Any CPU = Debug|Any CPU
		Release|Any CPU = Release|Any CPU
	EndGlobalSection
	GlobalSection(ProjectConfigurationPlatforms) = postSolution
		{BB51432C-7893-42C8-8A0B-6E2514BEAEE1}.Debug|Any CPU.ActiveCfg = Debug|Any CPU
		{BB51432C-7893-42C8-8A0B-6E2514BEAEE1}.Debug|Any CPU.Build.0 = Debug|Any CPU
		{BB51432C-7893-42C8-8A0B-6E2514BEAEE1}.Release|Any CPU.ActiveCfg = Release|Any CPU
		{BB51432C-7893-42C8-8A0B-6E2514BEAEE1}.Release|Any CPU.Build.0 = Release|Any CPU
	EndGlobalSection
	GlobalSection(SolutionProperties) = preSolution
		HideSolutionNode = FALSE
	EndGlobalSection
	GlobalSection(ExtensibilityGlobals) = postSolution
		SolutionGuid = {D98DF4F9-2F09-4F84-B785-2695FC007B20}
	EndGlobalSection
EndGlobal
