
Microsoft Visual Studio Solution File, Format Version 12.00
# Visual Studio Version 16
VisualStudioVersion = 16.0.29709.97
MinimumVisualStudioVersion = 10.0.40219.1
Project("{FAE04EC0-301F-11D3-BF4B-00C04F79EFBC}") = "Classes2", "Classes2.csproj", "{F5E1EE55-A621-4FC9-B415-9138F49CB645}"
EndProject
Global
	GlobalSection(SolutionConfigurationPlatforms) = preSolution
		Debug|Any CPU = Debug|Any CPU
		Release|Any CPU = Release|Any CPU
	EndGlobalSection
	GlobalSection(ProjectConfigurationPlatforms) = postSolution
		{F5E1EE55-A621-4FC9-B415-9138F49CB645}.Debug|Any CPU.ActiveCfg = Debug|Any CPU
		{F5E1EE55-A621-4FC9-B415-9138F49CB645}.Debug|Any CPU.Build.0 = Debug|Any CPU
		{F5E1EE55-A621-4FC9-B415-9138F49CB645}.Release|Any CPU.ActiveCfg = Release|Any CPU
		{F5E1EE55-A621-4FC9-B415-9138F49CB645}.Release|Any CPU.Build.0 = Release|Any CPU
	EndGlobalSection
	GlobalSection(SolutionProperties) = preSolution
		HideSolutionNode = FALSE
	EndGlobalSection
	GlobalSection(ExtensibilityGlobals) = postSolution
		SolutionGuid = {10C5D34A-BF93-4F20-9118-BDEF8F838508}
	EndGlobalSection
EndGlobal
