
Microsoft Visual Studio Solution File, Format Version 12.00
# Visual Studio Version 16
VisualStudioVersion = 16.0.29709.97
MinimumVisualStudioVersion = 10.0.40219.1
Project("{FAE04EC0-301F-11D3-BF4B-00C04F79EFBC}") = "Inheritance1", "Inheritance1.csproj", "{F9EFBAD5-49F6-4AA1-B240-19F6D88F45A6}"
EndProject
Global
	GlobalSection(SolutionConfigurationPlatforms) = preSolution
		Debug|Any CPU = Debug|Any CPU
		Release|Any CPU = Release|Any CPU
	EndGlobalSection
	GlobalSection(ProjectConfigurationPlatforms) = postSolution
		{F9EFBAD5-49F6-4AA1-B240-19F6D88F45A6}.Debug|Any CPU.ActiveCfg = Debug|Any CPU
		{F9EFBAD5-49F6-4AA1-B240-19F6D88F45A6}.Debug|Any CPU.Build.0 = Debug|Any CPU
		{F9EFBAD5-49F6-4AA1-B240-19F6D88F45A6}.Release|Any CPU.ActiveCfg = Release|Any CPU
		{F9EFBAD5-49F6-4AA1-B240-19F6D88F45A6}.Release|Any CPU.Build.0 = Release|Any CPU
	EndGlobalSection
	GlobalSection(SolutionProperties) = preSolution
		HideSolutionNode = FALSE
	EndGlobalSection
	GlobalSection(ExtensibilityGlobals) = postSolution
		SolutionGuid = {C891554F-A62A-4F55-B52D-D57D130E94D9}
	EndGlobalSection
EndGlobal
