
Microsoft Visual Studio Solution File, Format Version 12.00
# Visual Studio Version 16
VisualStudioVersion = 16.0.29709.97
MinimumVisualStudioVersion = 10.0.40219.1
Project("{FAE04EC0-301F-11D3-BF4B-00C04F79EFBC}") = "Lab4_Bonus", "Lab4_Bonus.csproj", "{95D34BF8-E6CA-4688-8237-75171BC4A255}"
EndProject
Global
	GlobalSection(SolutionConfigurationPlatforms) = preSolution
		Debug|Any CPU = Debug|Any CPU
		Release|Any CPU = Release|Any CPU
	EndGlobalSection
	GlobalSection(ProjectConfigurationPlatforms) = postSolution
		{95D34BF8-E6CA-4688-8237-75171BC4A255}.Debug|Any CPU.ActiveCfg = Debug|Any CPU
		{95D34BF8-E6CA-4688-8237-75171BC4A255}.Debug|Any CPU.Build.0 = Debug|Any CPU
		{95D34BF8-E6CA-4688-8237-75171BC4A255}.Release|Any CPU.ActiveCfg = Release|Any CPU
		{95D34BF8-E6CA-4688-8237-75171BC4A255}.Release|Any CPU.Build.0 = Release|Any CPU
	EndGlobalSection
	GlobalSection(SolutionProperties) = preSolution
		HideSolutionNode = FALSE
	EndGlobalSection
	GlobalSection(ExtensibilityGlobals) = postSolution
		SolutionGuid = {DB4B4607-D4A5-468B-B2C5-60E858287645}
	EndGlobalSection
EndGlobal
