
Microsoft Visual Studio Solution File, Format Version 12.00
# Visual Studio Version 16
VisualStudioVersion = 16.0.29709.97
MinimumVisualStudioVersion = 10.0.40219.1
Project("{FAE04EC0-301F-11D3-BF4B-00C04F79EFBC}") = "Lab3.1", "Lab3.1.csproj", "{57135EE7-36E1-49CD-A5E7-F140594F5B16}"
EndProject
Global
	GlobalSection(SolutionConfigurationPlatforms) = preSolution
		Debug|Any CPU = Debug|Any CPU
		Release|Any CPU = Release|Any CPU
	EndGlobalSection
	GlobalSection(ProjectConfigurationPlatforms) = postSolution
		{57135EE7-36E1-49CD-A5E7-F140594F5B16}.Debug|Any CPU.ActiveCfg = Debug|Any CPU
		{57135EE7-36E1-49CD-A5E7-F140594F5B16}.Debug|Any CPU.Build.0 = Debug|Any CPU
		{57135EE7-36E1-49CD-A5E7-F140594F5B16}.Release|Any CPU.ActiveCfg = Release|Any CPU
		{57135EE7-36E1-49CD-A5E7-F140594F5B16}.Release|Any CPU.Build.0 = Release|Any CPU
	EndGlobalSection
	GlobalSection(SolutionProperties) = preSolution
		HideSolutionNode = FALSE
	EndGlobalSection
	GlobalSection(ExtensibilityGlobals) = postSolution
		SolutionGuid = {C2A1A078-38F7-4585-9FC4-C2AD7E974ADA}
	EndGlobalSection
EndGlobal
