
Microsoft Visual Studio Solution File, Format Version 12.00
# Visual Studio Version 16
VisualStudioVersion = 16.0.29709.97
MinimumVisualStudioVersion = 10.0.40219.1
Project("{FAE04EC0-301F-11D3-BF4B-00C04F79EFBC}") = "Loops2", "Loops2.csproj", "{1CB6EBD0-38DA-41BD-AE4E-DB8C6CAE58E4}"
EndProject
Global
	GlobalSection(SolutionConfigurationPlatforms) = preSolution
		Debug|Any CPU = Debug|Any CPU
		Release|Any CPU = Release|Any CPU
	EndGlobalSection
	GlobalSection(ProjectConfigurationPlatforms) = postSolution
		{1CB6EBD0-38DA-41BD-AE4E-DB8C6CAE58E4}.Debug|Any CPU.ActiveCfg = Debug|Any CPU
		{1CB6EBD0-38DA-41BD-AE4E-DB8C6CAE58E4}.Debug|Any CPU.Build.0 = Debug|Any CPU
		{1CB6EBD0-38DA-41BD-AE4E-DB8C6CAE58E4}.Release|Any CPU.ActiveCfg = Release|Any CPU
		{1CB6EBD0-38DA-41BD-AE4E-DB8C6CAE58E4}.Release|Any CPU.Build.0 = Release|Any CPU
	EndGlobalSection
	GlobalSection(SolutionProperties) = preSolution
		HideSolutionNode = FALSE
	EndGlobalSection
	GlobalSection(ExtensibilityGlobals) = postSolution
		SolutionGuid = {12173838-3384-4D9F-B5E1-5F2A6C252B4C}
	EndGlobalSection
EndGlobal
