
Microsoft Visual Studio Solution File, Format Version 12.00
# Visual Studio Version 16
VisualStudioVersion = 16.0.29709.97
MinimumVisualStudioVersion = 10.0.40219.1
Project("{FAE04EC0-301F-11D3-BF4B-00C04F79EFBC}") = "Lab5.1", "Lab5.1.csproj", "{45759A6E-A106-4745-97C5-FDE52B232239}"
EndProject
Global
	GlobalSection(SolutionConfigurationPlatforms) = preSolution
		Debug|Any CPU = Debug|Any CPU
		Release|Any CPU = Release|Any CPU
	EndGlobalSection
	GlobalSection(ProjectConfigurationPlatforms) = postSolution
		{45759A6E-A106-4745-97C5-FDE52B232239}.Debug|Any CPU.ActiveCfg = Debug|Any CPU
		{45759A6E-A106-4745-97C5-FDE52B232239}.Debug|Any CPU.Build.0 = Debug|Any CPU
		{45759A6E-A106-4745-97C5-FDE52B232239}.Release|Any CPU.ActiveCfg = Release|Any CPU
		{45759A6E-A106-4745-97C5-FDE52B232239}.Release|Any CPU.Build.0 = Release|Any CPU
	EndGlobalSection
	GlobalSection(SolutionProperties) = preSolution
		HideSolutionNode = FALSE
	EndGlobalSection
	GlobalSection(ExtensibilityGlobals) = postSolution
		SolutionGuid = {45A367A7-3245-4486-83B4-7B84134AB343}
	EndGlobalSection
EndGlobal
