
Microsoft Visual Studio Solution File, Format Version 12.00
# Visual Studio Version 16
VisualStudioVersion = 16.0.29709.97
MinimumVisualStudioVersion = 10.0.40219.1
Project("{FAE04EC0-301F-11D3-BF4B-00C04F79EFBC}") = "Lab4_1", "Lab4_1.csproj", "{6CBFCB4D-FF31-4902-B703-4DB24EC4CD00}"
EndProject
Global
	GlobalSection(SolutionConfigurationPlatforms) = preSolution
		Debug|Any CPU = Debug|Any CPU
		Release|Any CPU = Release|Any CPU
	EndGlobalSection
	GlobalSection(ProjectConfigurationPlatforms) = postSolution
		{6CBFCB4D-FF31-4902-B703-4DB24EC4CD00}.Debug|Any CPU.ActiveCfg = Debug|Any CPU
		{6CBFCB4D-FF31-4902-B703-4DB24EC4CD00}.Debug|Any CPU.Build.0 = Debug|Any CPU
		{6CBFCB4D-FF31-4902-B703-4DB24EC4CD00}.Release|Any CPU.ActiveCfg = Release|Any CPU
		{6CBFCB4D-FF31-4902-B703-4DB24EC4CD00}.Release|Any CPU.Build.0 = Release|Any CPU
	EndGlobalSection
	GlobalSection(SolutionProperties) = preSolution
		HideSolutionNode = FALSE
	EndGlobalSection
	GlobalSection(ExtensibilityGlobals) = postSolution
		SolutionGuid = {7A4A35FA-44B7-4621-8855-8C799368E560}
	EndGlobalSection
EndGlobal
