
Microsoft Visual Studio Solution File, Format Version 12.00
# Visual Studio Version 16
VisualStudioVersion = 16.0.29709.97
MinimumVisualStudioVersion = 10.0.40219.1
Project("{FAE04EC0-301F-11D3-BF4B-00C04F79EFBC}") = "Lab2.1", "Lab2.1.csproj", "{3BC2504D-FA98-4BB9-828C-348AB15BF242}"
EndProject
Global
	GlobalSection(SolutionConfigurationPlatforms) = preSolution
		Debug|Any CPU = Debug|Any CPU
		Release|Any CPU = Release|Any CPU
	EndGlobalSection
	GlobalSection(ProjectConfigurationPlatforms) = postSolution
		{3BC2504D-FA98-4BB9-828C-348AB15BF242}.Debug|Any CPU.ActiveCfg = Debug|Any CPU
		{3BC2504D-FA98-4BB9-828C-348AB15BF242}.Debug|Any CPU.Build.0 = Debug|Any CPU
		{3BC2504D-FA98-4BB9-828C-348AB15BF242}.Release|Any CPU.ActiveCfg = Release|Any CPU
		{3BC2504D-FA98-4BB9-828C-348AB15BF242}.Release|Any CPU.Build.0 = Release|Any CPU
	EndGlobalSection
	GlobalSection(SolutionProperties) = preSolution
		HideSolutionNode = FALSE
	EndGlobalSection
	GlobalSection(ExtensibilityGlobals) = postSolution
		SolutionGuid = {C35F8870-E5C1-4123-AB59-CD6B9859E538}
	EndGlobalSection
EndGlobal
